
Microsoft Visual Studio Solution File, Format Version 12.00
# Visual Studio Version 17
VisualStudioVersion = 17.12.35527.113
MinimumVisualStudioVersion = 10.0.40219.1
Project("{FAE04EC0-301F-11D3-BF4B-00C04F79EFBC}") = "TaskManager", "TaskManager\TaskManager.csproj", "{B2092F8A-7788-4706-A0D3-2C323B24C4D8}"
EndProject
Project("{FAE04EC0-301F-11D3-BF4B-00C04F79EFBC}") = "Dictionary", "Dictionary\Dictionary.csproj", "{48A94AB2-2FAE-405A-A879-A1E2BE73BC0C}"
EndProject
Project("{FAE04EC0-301F-11D3-BF4B-00C04F79EFBC}") = "WeatherSimulator", "WeatherSimulator\WeatherSimulator.csproj", "{319A5261-761C-4C01-86F4-F75A18F4CC21}"
EndProject
Project("{FAE04EC0-301F-11D3-BF4B-00C04F79EFBC}") = "ClassPractice", "ClassPractice\ClassPractice.csproj", "{15F570EA-BCCD-4C53-B712-132A715A7CBC}"
EndProject
Project("{FAE04EC0-301F-11D3-BF4B-00C04F79EFBC}") = "QuizApp", "QuizApp\QuizApp.csproj", "{0B2086D2-970C-4A8E-87D3-085FF6A9D1E2}"
EndProject
Project("{FAE04EC0-301F-11D3-BF4B-00C04F79EFBC}") = "Methods", "Methods\Methods.csproj", "{AD4303A2-9D7D-4D86-BAF7-F440A0BF8230}"
EndProject
Project("{FAE04EC0-301F-11D3-BF4B-00C04F79EFBC}") = "List", "List\List.csproj", "{79EC7A03-A5C4-4A74-AB65-9D9ECADF2B37}"
EndProject
Project("{FAE04EC0-301F-11D3-BF4B-00C04F79EFBC}") = "TryCatch", "TryCatch\TryCatch.csproj", "{BC8CC2F1-BBC4-4EB8-8DF5-E6655268B980}"
EndProject
Project("{FAE04EC0-301F-11D3-BF4B-00C04F79EFBC}") = "Innheritance", "Innheritance\Innheritance.csproj", "{6CD7EC31-3E0F-4ACC-B5F3-D2E06DACE9E4}"
EndProject
Project("{FAE04EC0-301F-11D3-BF4B-00C04F79EFBC}") = "Abstract", "Abstract\Abstract.csproj", "{31E3EEDE-0AA5-473C-8D37-D80396FDBA51}"
EndProject
Project("{FAE04EC0-301F-11D3-BF4B-00C04F79EFBC}") = "Interface", "Interface\Interface.csproj", "{E5F403F5-F771-4F9E-9F10-B5D9E459F8E7}"
EndProject
Project("{FAE04EC0-301F-11D3-BF4B-00C04F79EFBC}") = "Polymorphism", "Polymorphism\Polymorphism.csproj", "{DB229905-74E1-4285-9772-5A2F33E474D4}"
EndProject
Global
	GlobalSection(SolutionConfigurationPlatforms) = preSolution
		Debug|Any CPU = Debug|Any CPU
		Release|Any CPU = Release|Any CPU
	EndGlobalSection
	GlobalSection(ProjectConfigurationPlatforms) = postSolution
		{B2092F8A-7788-4706-A0D3-2C323B24C4D8}.Debug|Any CPU.ActiveCfg = Debug|Any CPU
		{B2092F8A-7788-4706-A0D3-2C323B24C4D8}.Debug|Any CPU.Build.0 = Debug|Any CPU
		{B2092F8A-7788-4706-A0D3-2C323B24C4D8}.Release|Any CPU.ActiveCfg = Release|Any CPU
		{B2092F8A-7788-4706-A0D3-2C323B24C4D8}.Release|Any CPU.Build.0 = Release|Any CPU
		{48A94AB2-2FAE-405A-A879-A1E2BE73BC0C}.Debug|Any CPU.ActiveCfg = Debug|Any CPU
		{48A94AB2-2FAE-405A-A879-A1E2BE73BC0C}.Debug|Any CPU.Build.0 = Debug|Any CPU
		{48A94AB2-2FAE-405A-A879-A1E2BE73BC0C}.Release|Any CPU.ActiveCfg = Release|Any CPU
		{48A94AB2-2FAE-405A-A879-A1E2BE73BC0C}.Release|Any CPU.Build.0 = Release|Any CPU
		{319A5261-761C-4C01-86F4-F75A18F4CC21}.Debug|Any CPU.ActiveCfg = Debug|Any CPU
		{319A5261-761C-4C01-86F4-F75A18F4CC21}.Debug|Any CPU.Build.0 = Debug|Any CPU
		{319A5261-761C-4C01-86F4-F75A18F4CC21}.Release|Any CPU.ActiveCfg = Release|Any CPU
		{319A5261-761C-4C01-86F4-F75A18F4CC21}.Release|Any CPU.Build.0 = Release|Any CPU
		{15F570EA-BCCD-4C53-B712-132A715A7CBC}.Debug|Any CPU.ActiveCfg = Debug|Any CPU
		{15F570EA-BCCD-4C53-B712-132A715A7CBC}.Debug|Any CPU.Build.0 = Debug|Any CPU
		{15F570EA-BCCD-4C53-B712-132A715A7CBC}.Release|Any CPU.ActiveCfg = Release|Any CPU
		{15F570EA-BCCD-4C53-B712-132A715A7CBC}.Release|Any CPU.Build.0 = Release|Any CPU
		{0B2086D2-970C-4A8E-87D3-085FF6A9D1E2}.Debug|Any CPU.ActiveCfg = Debug|Any CPU
		{0B2086D2-970C-4A8E-87D3-085FF6A9D1E2}.Debug|Any CPU.Build.0 = Debug|Any CPU
		{0B2086D2-970C-4A8E-87D3-085FF6A9D1E2}.Release|Any CPU.ActiveCfg = Release|Any CPU
		{0B2086D2-970C-4A8E-87D3-085FF6A9D1E2}.Release|Any CPU.Build.0 = Release|Any CPU
		{AD4303A2-9D7D-4D86-BAF7-F440A0BF8230}.Debug|Any CPU.ActiveCfg = Debug|Any CPU
		{AD4303A2-9D7D-4D86-BAF7-F440A0BF8230}.Debug|Any CPU.Build.0 = Debug|Any CPU
		{AD4303A2-9D7D-4D86-BAF7-F440A0BF8230}.Release|Any CPU.ActiveCfg = Release|Any CPU
		{AD4303A2-9D7D-4D86-BAF7-F440A0BF8230}.Release|Any CPU.Build.0 = Release|Any CPU
		{79EC7A03-A5C4-4A74-AB65-9D9ECADF2B37}.Debug|Any CPU.ActiveCfg = Debug|Any CPU
		{79EC7A03-A5C4-4A74-AB65-9D9ECADF2B37}.Debug|Any CPU.Build.0 = Debug|Any CPU
		{79EC7A03-A5C4-4A74-AB65-9D9ECADF2B37}.Release|Any CPU.ActiveCfg = Release|Any CPU
		{79EC7A03-A5C4-4A74-AB65-9D9ECADF2B37}.Release|Any CPU.Build.0 = Release|Any CPU
		{BC8CC2F1-BBC4-4EB8-8DF5-E6655268B980}.Debug|Any CPU.ActiveCfg = Debug|Any CPU
		{BC8CC2F1-BBC4-4EB8-8DF5-E6655268B980}.Debug|Any CPU.Build.0 = Debug|Any CPU
		{BC8CC2F1-BBC4-4EB8-8DF5-E6655268B980}.Release|Any CPU.ActiveCfg = Release|Any CPU
		{BC8CC2F1-BBC4-4EB8-8DF5-E6655268B980}.Release|Any CPU.Build.0 = Release|Any CPU
		{6CD7EC31-3E0F-4ACC-B5F3-D2E06DACE9E4}.Debug|Any CPU.ActiveCfg = Debug|Any CPU
		{6CD7EC31-3E0F-4ACC-B5F3-D2E06DACE9E4}.Debug|Any CPU.Build.0 = Debug|Any CPU
		{6CD7EC31-3E0F-4ACC-B5F3-D2E06DACE9E4}.Release|Any CPU.ActiveCfg = Release|Any CPU
		{6CD7EC31-3E0F-4ACC-B5F3-D2E06DACE9E4}.Release|Any CPU.Build.0 = Release|Any CPU
		{31E3EEDE-0AA5-473C-8D37-D80396FDBA51}.Debug|Any CPU.ActiveCfg = Debug|Any CPU
		{31E3EEDE-0AA5-473C-8D37-D80396FDBA51}.Debug|Any CPU.Build.0 = Debug|Any CPU
		{31E3EEDE-0AA5-473C-8D37-D80396FDBA51}.Release|Any CPU.ActiveCfg = Release|Any CPU
		{31E3EEDE-0AA5-473C-8D37-D80396FDBA51}.Release|Any CPU.Build.0 = Release|Any CPU
		{E5F403F5-F771-4F9E-9F10-B5D9E459F8E7}.Debug|Any CPU.ActiveCfg = Debug|Any CPU
		{E5F403F5-F771-4F9E-9F10-B5D9E459F8E7}.Debug|Any CPU.Build.0 = Debug|Any CPU
		{E5F403F5-F771-4F9E-9F10-B5D9E459F8E7}.Release|Any CPU.ActiveCfg = Release|Any CPU
		{E5F403F5-F771-4F9E-9F10-B5D9E459F8E7}.Release|Any CPU.Build.0 = Release|Any CPU
		{DB229905-74E1-4285-9772-5A2F33E474D4}.Debug|Any CPU.ActiveCfg = Debug|Any CPU
		{DB229905-74E1-4285-9772-5A2F33E474D4}.Debug|Any CPU.Build.0 = Debug|Any CPU
		{DB229905-74E1-4285-9772-5A2F33E474D4}.Release|Any CPU.ActiveCfg = Release|Any CPU
		{DB229905-74E1-4285-9772-5A2F33E474D4}.Release|Any CPU.Build.0 = Release|Any CPU
	EndGlobalSection
	GlobalSection(SolutionProperties) = preSolution
		HideSolutionNode = FALSE
	EndGlobalSection
EndGlobal
