
Microsoft Visual Studio Solution File, Format Version 12.00
# Visual Studio Version 17
VisualStudioVersion = 17.12.35527.113
MinimumVisualStudioVersion = 10.0.40219.1
Project("{FAE04EC0-301F-11D3-BF4B-00C04F79EFBC}") = "Project", "Hello World\Project.csproj", "{72018F06-2C02-43FA-8DE1-4CC533F7251D}"
EndProject
Project("{FAE04EC0-301F-11D3-BF4B-00C04F79EFBC}") = "TaskManager", "TaskManager\TaskManager.csproj", "{B2092F8A-7788-4706-A0D3-2C323B24C4D8}"
EndProject
Project("{FAE04EC0-301F-11D3-BF4B-00C04F79EFBC}") = "Dictionary", "Dictionary\Dictionary.csproj", "{48A94AB2-2FAE-405A-A879-A1E2BE73BC0C}"
EndProject
Global
	GlobalSection(SolutionConfigurationPlatforms) = preSolution
		Debug|Any CPU = Debug|Any CPU
		Release|Any CPU = Release|Any CPU
	EndGlobalSection
	GlobalSection(ProjectConfigurationPlatforms) = postSolution
		{72018F06-2C02-43FA-8DE1-4CC533F7251D}.Debug|Any CPU.ActiveCfg = Debug|Any CPU
		{72018F06-2C02-43FA-8DE1-4CC533F7251D}.Debug|Any CPU.Build.0 = Debug|Any CPU
		{72018F06-2C02-43FA-8DE1-4CC533F7251D}.Release|Any CPU.ActiveCfg = Release|Any CPU
		{72018F06-2C02-43FA-8DE1-4CC533F7251D}.Release|Any CPU.Build.0 = Release|Any CPU
		{B2092F8A-7788-4706-A0D3-2C323B24C4D8}.Debug|Any CPU.ActiveCfg = Debug|Any CPU
		{B2092F8A-7788-4706-A0D3-2C323B24C4D8}.Debug|Any CPU.Build.0 = Debug|Any CPU
		{B2092F8A-7788-4706-A0D3-2C323B24C4D8}.Release|Any CPU.ActiveCfg = Release|Any CPU
		{B2092F8A-7788-4706-A0D3-2C323B24C4D8}.Release|Any CPU.Build.0 = Release|Any CPU
		{48A94AB2-2FAE-405A-A879-A1E2BE73BC0C}.Debug|Any CPU.ActiveCfg = Debug|Any CPU
		{48A94AB2-2FAE-405A-A879-A1E2BE73BC0C}.Debug|Any CPU.Build.0 = Debug|Any CPU
		{48A94AB2-2FAE-405A-A879-A1E2BE73BC0C}.Release|Any CPU.ActiveCfg = Release|Any CPU
		{48A94AB2-2FAE-405A-A879-A1E2BE73BC0C}.Release|Any CPU.Build.0 = Release|Any CPU
	EndGlobalSection
	GlobalSection(SolutionProperties) = preSolution
		HideSolutionNode = FALSE
	EndGlobalSection
EndGlobal
